
Microsoft Visual Studio Solution File, Format Version 12.00
# Visual Studio Version 16
VisualStudioVersion = 16.0.30002.166
MinimumVisualStudioVersion = 10.0.40219.1
Project("{9A19103F-16F7-4668-BE54-9A1E7A4F7556}") = "TestChamber", "TestChamber\TestChamber.csproj", "{1F91A061-3C0E-4FEE-B382-BC5E87060594}"
EndProject
Project("{FAE04EC0-301F-11D3-BF4B-00C04F79EFBC}") = "FormsVersion", "FormsVersion\FormsVersion.csproj", "{94ECF610-0249-4A35-BE32-0AA6F589F2B0}"
EndProject
Project("{9A19103F-16F7-4668-BE54-9A1E7A4F7556}") = "ClassLibrary", "ClassLibrary\ClassLibrary.csproj", "{7C8D70E4-7CCF-4F5E-9435-005E07E21EF2}"
EndProject
Global
	GlobalSection(SolutionConfigurationPlatforms) = preSolution
		Debug|Any CPU = Debug|Any CPU
		Release|Any CPU = Release|Any CPU
	EndGlobalSection
	GlobalSection(ProjectConfigurationPlatforms) = postSolution
		{1F91A061-3C0E-4FEE-B382-BC5E87060594}.Debug|Any CPU.ActiveCfg = Debug|Any CPU
		{1F91A061-3C0E-4FEE-B382-BC5E87060594}.Debug|Any CPU.Build.0 = Debug|Any CPU
		{1F91A061-3C0E-4FEE-B382-BC5E87060594}.Release|Any CPU.ActiveCfg = Release|Any CPU
		{1F91A061-3C0E-4FEE-B382-BC5E87060594}.Release|Any CPU.Build.0 = Release|Any CPU
		{94ECF610-0249-4A35-BE32-0AA6F589F2B0}.Debug|Any CPU.ActiveCfg = Debug|Any CPU
		{94ECF610-0249-4A35-BE32-0AA6F589F2B0}.Debug|Any CPU.Build.0 = Debug|Any CPU
		{94ECF610-0249-4A35-BE32-0AA6F589F2B0}.Release|Any CPU.ActiveCfg = Release|Any CPU
		{94ECF610-0249-4A35-BE32-0AA6F589F2B0}.Release|Any CPU.Build.0 = Release|Any CPU
		{7C8D70E4-7CCF-4F5E-9435-005E07E21EF2}.Debug|Any CPU.ActiveCfg = Debug|Any CPU
		{7C8D70E4-7CCF-4F5E-9435-005E07E21EF2}.Debug|Any CPU.Build.0 = Debug|Any CPU
		{7C8D70E4-7CCF-4F5E-9435-005E07E21EF2}.Release|Any CPU.ActiveCfg = Release|Any CPU
		{7C8D70E4-7CCF-4F5E-9435-005E07E21EF2}.Release|Any CPU.Build.0 = Release|Any CPU
	EndGlobalSection
	GlobalSection(SolutionProperties) = preSolution
		HideSolutionNode = FALSE
	EndGlobalSection
	GlobalSection(ExtensibilityGlobals) = postSolution
		SolutionGuid = {A628DE24-CB2D-4134-AA4C-67DC81E74EB8}
	EndGlobalSection
EndGlobal
